
Microsoft Visual Studio Solution File, Format Version 12.00
# Visual Studio Version 17
VisualStudioVersion = 17.9.34728.123
MinimumVisualStudioVersion = 10.0.40219.1
Project("{9A19103F-16F7-4668-BE54-9A1E7A4F7556}") = "Dungeon", "Dungeon.csproj", "{6F83351D-9B15-4DC6-B532-5CFED8754246}"
EndProject
Project("{9A19103F-16F7-4668-BE54-9A1E7A4F7556}") = "Dungeon.Tests", "..\Dungeon.Tests\Dungeon.Tests.csproj", "{B42C3F76-6048-4360-81FF-1C4B5444F9D2}"
EndProject
Global
	GlobalSection(SolutionConfigurationPlatforms) = preSolution
		Debug|Any CPU = Debug|Any CPU
		Release|Any CPU = Release|Any CPU
	EndGlobalSection
	GlobalSection(ProjectConfigurationPlatforms) = postSolution
		{6F83351D-9B15-4DC6-B532-5CFED8754246}.Debug|Any CPU.ActiveCfg = Debug|Any CPU
		{6F83351D-9B15-4DC6-B532-5CFED8754246}.Debug|Any CPU.Build.0 = Debug|Any CPU
		{6F83351D-9B15-4DC6-B532-5CFED8754246}.Release|Any CPU.ActiveCfg = Release|Any CPU
		{6F83351D-9B15-4DC6-B532-5CFED8754246}.Release|Any CPU.Build.0 = Release|Any CPU
		{B42C3F76-6048-4360-81FF-1C4B5444F9D2}.Debug|Any CPU.ActiveCfg = Debug|Any CPU
		{B42C3F76-6048-4360-81FF-1C4B5444F9D2}.Debug|Any CPU.Build.0 = Debug|Any CPU
		{B42C3F76-6048-4360-81FF-1C4B5444F9D2}.Release|Any CPU.ActiveCfg = Release|Any CPU
		{B42C3F76-6048-4360-81FF-1C4B5444F9D2}.Release|Any CPU.Build.0 = Release|Any CPU
	EndGlobalSection
	GlobalSection(SolutionProperties) = preSolution
		HideSolutionNode = FALSE
	EndGlobalSection
	GlobalSection(ExtensibilityGlobals) = postSolution
		SolutionGuid = {9F4E36B3-83BA-4090-8E36-E56A979D7B45}
	EndGlobalSection
EndGlobal
