
Microsoft Visual Studio Solution File, Format Version 12.00
# Visual Studio Version 17
VisualStudioVersion = 17.9.34728.123
MinimumVisualStudioVersion = 10.0.40219.1
Project("{FAE04EC0-301F-11D3-BF4B-00C04F79EFBC}") = "Dungeon", "Dungeon.csproj", "{6F83351D-9B15-4DC6-B532-5CFED8754246}"
EndProject
Project("{FAE04EC0-301F-11D3-BF4B-00C04F79EFBC}") = "Dungeon.Tests", "..\Dungeon.Tests\Dungeon.Tests.csproj", "{18074BF0-9366-49BF-9835-154D57F479DF}"
EndProject
Global
	GlobalSection(SolutionConfigurationPlatforms) = preSolution
		Debug|Any CPU = Debug|Any CPU
		Release|Any CPU = Release|Any CPU
	EndGlobalSection
	GlobalSection(ProjectConfigurationPlatforms) = postSolution
		{6F83351D-9B15-4DC6-B532-5CFED8754246}.Debug|Any CPU.ActiveCfg = Debug|Any CPU
		{6F83351D-9B15-4DC6-B532-5CFED8754246}.Debug|Any CPU.Build.0 = Debug|Any CPU
		{6F83351D-9B15-4DC6-B532-5CFED8754246}.Release|Any CPU.ActiveCfg = Release|Any CPU
		{6F83351D-9B15-4DC6-B532-5CFED8754246}.Release|Any CPU.Build.0 = Release|Any CPU
		{18074BF0-9366-49BF-9835-154D57F479DF}.Debug|Any CPU.ActiveCfg = Debug|Any CPU
		{18074BF0-9366-49BF-9835-154D57F479DF}.Debug|Any CPU.Build.0 = Debug|Any CPU
		{18074BF0-9366-49BF-9835-154D57F479DF}.Release|Any CPU.ActiveCfg = Release|Any CPU
		{18074BF0-9366-49BF-9835-154D57F479DF}.Release|Any CPU.Build.0 = Release|Any CPU
	EndGlobalSection
	GlobalSection(SolutionProperties) = preSolution
		HideSolutionNode = FALSE
	EndGlobalSection
	GlobalSection(ExtensibilityGlobals) = postSolution
		SolutionGuid = {9F4E36B3-83BA-4090-8E36-E56A979D7B45}
	EndGlobalSection
EndGlobal
